
Microsoft Visual Studio Solution File, Format Version 12.00
# Visual Studio Version 17
VisualStudioVersion = 17.9.34310.174
MinimumVisualStudioVersion = 10.0.40219.1
Project("{9A19103F-16F7-4668-BE54-9A1E7A4F7556}") = "ExerciseApplication", "CSharp\ExerciseApplication.csproj", "{350C2744-2500-4716-8F3A-9A9C32F3E939}"
EndProject
Project("{FAE04EC0-301F-11D3-BF4B-00C04F79EFBC}") = "ExerciseApplication.Tests", "Tests\ExerciseApplication.Tests.csproj", "{30D67167-2D79-4FB3-8A9C-06F4A730B0AB}"
EndProject
Global
	GlobalSection(SolutionConfigurationPlatforms) = preSolution
		Debug|Any CPU = Debug|Any CPU
		Release|Any CPU = Release|Any CPU
	EndGlobalSection
	GlobalSection(ProjectConfigurationPlatforms) = postSolution
		{350C2744-2500-4716-8F3A-9A9C32F3E939}.Debug|Any CPU.ActiveCfg = Debug|Any CPU
		{350C2744-2500-4716-8F3A-9A9C32F3E939}.Debug|Any CPU.Build.0 = Debug|Any CPU
		{350C2744-2500-4716-8F3A-9A9C32F3E939}.Release|Any CPU.ActiveCfg = Release|Any CPU
		{350C2744-2500-4716-8F3A-9A9C32F3E939}.Release|Any CPU.Build.0 = Release|Any CPU
		{30D67167-2D79-4FB3-8A9C-06F4A730B0AB}.Debug|Any CPU.ActiveCfg = Debug|Any CPU
		{30D67167-2D79-4FB3-8A9C-06F4A730B0AB}.Debug|Any CPU.Build.0 = Debug|Any CPU
		{30D67167-2D79-4FB3-8A9C-06F4A730B0AB}.Release|Any CPU.ActiveCfg = Release|Any CPU
		{30D67167-2D79-4FB3-8A9C-06F4A730B0AB}.Release|Any CPU.Build.0 = Release|Any CPU
	EndGlobalSection
	GlobalSection(SolutionProperties) = preSolution
		HideSolutionNode = FALSE
	EndGlobalSection
	GlobalSection(ExtensibilityGlobals) = postSolution
		SolutionGuid = {BC4B2E62-677C-4726-91B4-9C9DE662628E}
	EndGlobalSection
EndGlobal
